
Microsoft Visual Studio Solution File, Format Version 12.00
# Visual Studio Version 17
VisualStudioVersion = 17.2.32602.215
MinimumVisualStudioVersion = 10.0.40219.1
Project("{FAE04EC0-301F-11D3-BF4B-00C04F79EFBC}") = "NoobCoders", "NoobCoders\NoobCoders.csproj", "{C90E64FA-CF41-4834-B3A5-AF6352F59832}"
EndProject
Global
	GlobalSection(SolutionConfigurationPlatforms) = preSolution
		Debug|Any CPU = Debug|Any CPU
		Release|Any CPU = Release|Any CPU
	EndGlobalSection
	GlobalSection(ProjectConfigurationPlatforms) = postSolution
		{C90E64FA-CF41-4834-B3A5-AF6352F59832}.Debug|Any CPU.ActiveCfg = Debug|Any CPU
		{C90E64FA-CF41-4834-B3A5-AF6352F59832}.Debug|Any CPU.Build.0 = Debug|Any CPU
		{C90E64FA-CF41-4834-B3A5-AF6352F59832}.Release|Any CPU.ActiveCfg = Release|Any CPU
		{C90E64FA-CF41-4834-B3A5-AF6352F59832}.Release|Any CPU.Build.0 = Release|Any CPU
	EndGlobalSection
	GlobalSection(SolutionProperties) = preSolution
		HideSolutionNode = FALSE
	EndGlobalSection
	GlobalSection(ExtensibilityGlobals) = postSolution
		SolutionGuid = {E03F2073-7887-4EFE-B4A5-2338416B3601}
	EndGlobalSection
EndGlobal
